
Microsoft Visual Studio Solution File, Format Version 12.00
# Visual Studio Version 17
VisualStudioVersion = 17.13.35818.85
MinimumVisualStudioVersion = 10.0.40219.1
Project("{FAE04EC0-301F-11D3-BF4B-00C04F79EFBC}") = "Asp.NetCore_AI_Project_09_OpenAITranslate", "Asp.NetCore_AI_Project_09_OpenAITranslate\Asp.NetCore_AI_Project_09_OpenAITranslate.csproj", "{E6FAD3C2-6BCE-44A2-AEA0-7FF09A7568A1}"
EndProject
Project("{FAE04EC0-301F-11D3-BF4B-00C04F79EFBC}") = "Asp.NetCore_AI_Project_10_TextToSpeech", "Asp.NetCore_AI_Project_10_TextToSpeech\Asp.NetCore_AI_Project_10_TextToSpeech.csproj", "{D1411832-947B-4342-BC82-67E23E0CC998}"
EndProject
Project("{FAE04EC0-301F-11D3-BF4B-00C04F79EFBC}") = "Asp.NetCore_AI_Project_11_TextToSpeechWithOpenAI", "Asp.NetCore_AI_Project_11_TextToSpeechWithOpenAI\Asp.NetCore_AI_Project_11_TextToSpeechWithOpenAI.csproj", "{66751EA0-E0CE-480B-BB99-6C5525EF73DE}"
EndProject
Project("{FAE04EC0-301F-11D3-BF4B-00C04F79EFBC}") = "Asp.NetCore_AI_Project_12_SentimentAIApp", "Asp.NetCore_AI_Project_12_SentimentAIApp\Asp.NetCore_AI_Project_12_SentimentAIApp.csproj", "{35502CFA-C165-46A0-9E04-EF47242BBF1F}"
EndProject
Global
	GlobalSection(SolutionConfigurationPlatforms) = preSolution
		Debug|Any CPU = Debug|Any CPU
		Release|Any CPU = Release|Any CPU
	EndGlobalSection
	GlobalSection(ProjectConfigurationPlatforms) = postSolution
		{E6FAD3C2-6BCE-44A2-AEA0-7FF09A7568A1}.Debug|Any CPU.ActiveCfg = Debug|Any CPU
		{E6FAD3C2-6BCE-44A2-AEA0-7FF09A7568A1}.Debug|Any CPU.Build.0 = Debug|Any CPU
		{E6FAD3C2-6BCE-44A2-AEA0-7FF09A7568A1}.Release|Any CPU.ActiveCfg = Release|Any CPU
		{E6FAD3C2-6BCE-44A2-AEA0-7FF09A7568A1}.Release|Any CPU.Build.0 = Release|Any CPU
		{D1411832-947B-4342-BC82-67E23E0CC998}.Debug|Any CPU.ActiveCfg = Debug|Any CPU
		{D1411832-947B-4342-BC82-67E23E0CC998}.Debug|Any CPU.Build.0 = Debug|Any CPU
		{D1411832-947B-4342-BC82-67E23E0CC998}.Release|Any CPU.ActiveCfg = Release|Any CPU
		{D1411832-947B-4342-BC82-67E23E0CC998}.Release|Any CPU.Build.0 = Release|Any CPU
		{66751EA0-E0CE-480B-BB99-6C5525EF73DE}.Debug|Any CPU.ActiveCfg = Debug|Any CPU
		{66751EA0-E0CE-480B-BB99-6C5525EF73DE}.Debug|Any CPU.Build.0 = Debug|Any CPU
		{66751EA0-E0CE-480B-BB99-6C5525EF73DE}.Release|Any CPU.ActiveCfg = Release|Any CPU
		{66751EA0-E0CE-480B-BB99-6C5525EF73DE}.Release|Any CPU.Build.0 = Release|Any CPU
		{35502CFA-C165-46A0-9E04-EF47242BBF1F}.Debug|Any CPU.ActiveCfg = Debug|Any CPU
		{35502CFA-C165-46A0-9E04-EF47242BBF1F}.Debug|Any CPU.Build.0 = Debug|Any CPU
		{35502CFA-C165-46A0-9E04-EF47242BBF1F}.Release|Any CPU.ActiveCfg = Release|Any CPU
		{35502CFA-C165-46A0-9E04-EF47242BBF1F}.Release|Any CPU.Build.0 = Release|Any CPU
	EndGlobalSection
	GlobalSection(SolutionProperties) = preSolution
		HideSolutionNode = FALSE
	EndGlobalSection
	GlobalSection(ExtensibilityGlobals) = postSolution
		SolutionGuid = {DC2792D2-90D6-4538-8E82-AD696C27E598}
	EndGlobalSection
EndGlobal
